{
  "name": "ajs-using-package",
  "version": "1.0.0",
  "lockfileVersion": 3,
  "requires": true,
  "packages": {
    "": {
      "name": "ajs-using-package",
      "version": "1.0.0",
      "license": "ISC",
      "dependencies": {
        "@savenkonikita/ajs-platforms": "^1.0.0"
      }
    },
    "node_modules/@savenkonikita/ajs-platforms": {
      "version": "1.0.0",
      "resolved": "https://npm.pkg.github.com/download/@savenkonikita/ajs-platforms/1.0.0/209225dbeaae4b17bcbe2b25a3e652d483a71c03",
      "integrity": "sha512-U1yGKZEwlZ08kM6BPTn/7uCDiDcUaV15mnS5MqliWZ5mb4vQVuUR5Zx5DjoUSt1AF+jU6xpsmbUxxOMio/fwRQ=="
    }
  }
}
